
Microsoft Visual Studio Solution File, Format Version 12.00
# Visual Studio Version 17
VisualStudioVersion = 17.5.33530.505
MinimumVisualStudioVersion = 10.0.40219.1
Project("{FAE04EC0-301F-11D3-BF4B-00C04F79EFBC}") = "FormRazor", "FormRazor\FormRazor.csproj", "{FADD3891-FE2B-461A-8F51-F8D11AD15970}"
EndProject
Global
	GlobalSection(SolutionConfigurationPlatforms) = preSolution
		Debug|Any CPU = Debug|Any CPU
		Release|Any CPU = Release|Any CPU
	EndGlobalSection
	GlobalSection(ProjectConfigurationPlatforms) = postSolution
		{FADD3891-FE2B-461A-8F51-F8D11AD15970}.Debug|Any CPU.ActiveCfg = Debug|Any CPU
		{FADD3891-FE2B-461A-8F51-F8D11AD15970}.Debug|Any CPU.Build.0 = Debug|Any CPU
		{FADD3891-FE2B-461A-8F51-F8D11AD15970}.Release|Any CPU.ActiveCfg = Release|Any CPU
		{FADD3891-FE2B-461A-8F51-F8D11AD15970}.Release|Any CPU.Build.0 = Release|Any CPU
	EndGlobalSection
	GlobalSection(SolutionProperties) = preSolution
		HideSolutionNode = FALSE
	EndGlobalSection
	GlobalSection(ExtensibilityGlobals) = postSolution
		SolutionGuid = {A73DC687-992B-448B-A570-604F115B14D9}
	EndGlobalSection
EndGlobal
